
Microsoft Visual Studio Solution File, Format Version 12.00
# Visual Studio Version 17
VisualStudioVersion = 17.8.34525.116
MinimumVisualStudioVersion = 10.0.40219.1
Project("{FAE04EC0-301F-11D3-BF4B-00C04F79EFBC}") = "WinFingerprintLib", "WinFingerprintLib\WinFingerprintLib.csproj", "{2D4CBFBE-E3DC-4D32-89A8-69097FC073C5}"
EndProject
Global
	GlobalSection(SolutionConfigurationPlatforms) = preSolution
		Debug|Any CPU = Debug|Any CPU
		Release|Any CPU = Release|Any CPU
	EndGlobalSection
	GlobalSection(ProjectConfigurationPlatforms) = postSolution
		{2D4CBFBE-E3DC-4D32-89A8-69097FC073C5}.Debug|Any CPU.ActiveCfg = Debug|Any CPU
		{2D4CBFBE-E3DC-4D32-89A8-69097FC073C5}.Debug|Any CPU.Build.0 = Debug|Any CPU
		{2D4CBFBE-E3DC-4D32-89A8-69097FC073C5}.Release|Any CPU.ActiveCfg = Release|Any CPU
		{2D4CBFBE-E3DC-4D32-89A8-69097FC073C5}.Release|Any CPU.Build.0 = Release|Any CPU
	EndGlobalSection
	GlobalSection(SolutionProperties) = preSolution
		HideSolutionNode = FALSE
	EndGlobalSection
	GlobalSection(ExtensibilityGlobals) = postSolution
		SolutionGuid = {D4D04A4F-2514-4A93-A053-37E341086AF0}
	EndGlobalSection
EndGlobal
